
Microsoft Visual Studio Solution File, Format Version 12.00
Project("{FAE04EC0-301F-11D3-BF4B-00C04F79EFBC}") = "RestaurantReserverationAPI", "RestaurantReserverationAPI\RestaurantReserverationAPI.csproj", "{6B5338F2-1F74-4D89-8F7A-FF2D20233A8E}"
EndProject
Global
	GlobalSection(SolutionConfigurationPlatforms) = preSolution
		Debug|Any CPU = Debug|Any CPU
		Release|Any CPU = Release|Any CPU
	EndGlobalSection
	GlobalSection(ProjectConfigurationPlatforms) = postSolution
		{6B5338F2-1F74-4D89-8F7A-FF2D20233A8E}.Debug|Any CPU.ActiveCfg = Debug|Any CPU
		{6B5338F2-1F74-4D89-8F7A-FF2D20233A8E}.Debug|Any CPU.Build.0 = Debug|Any CPU
		{6B5338F2-1F74-4D89-8F7A-FF2D20233A8E}.Release|Any CPU.ActiveCfg = Release|Any CPU
		{6B5338F2-1F74-4D89-8F7A-FF2D20233A8E}.Release|Any CPU.Build.0 = Release|Any CPU
	EndGlobalSection
EndGlobal
